
Microsoft Visual Studio Solution File, Format Version 12.00
# Visual Studio Version 17
VisualStudioVersion = 17.14.36401.2 d17.14
MinimumVisualStudioVersion = 10.0.40219.1
Project("{FAE04EC0-301F-11D3-BF4B-00C04F79EFBC}") = "HolesticAcademyProject", "HolesticAcademyProject.csproj", "{A7B4C32F-A763-4973-83E6-905517AD3C94}"
EndProject
Global
	GlobalSection(SolutionConfigurationPlatforms) = preSolution
		Debug|Any CPU = Debug|Any CPU
		Release|Any CPU = Release|Any CPU
	EndGlobalSection
	GlobalSection(ProjectConfigurationPlatforms) = postSolution
		{A7B4C32F-A763-4973-83E6-905517AD3C94}.Debug|Any CPU.ActiveCfg = Debug|Any CPU
		{A7B4C32F-A763-4973-83E6-905517AD3C94}.Debug|Any CPU.Build.0 = Debug|Any CPU
		{A7B4C32F-A763-4973-83E6-905517AD3C94}.Release|Any CPU.ActiveCfg = Release|Any CPU
		{A7B4C32F-A763-4973-83E6-905517AD3C94}.Release|Any CPU.Build.0 = Release|Any CPU
	EndGlobalSection
	GlobalSection(SolutionProperties) = preSolution
		HideSolutionNode = FALSE
	EndGlobalSection
	GlobalSection(ExtensibilityGlobals) = postSolution
		SolutionGuid = {778931CA-6BA4-4E87-A969-7D321A7F8D03}
	EndGlobalSection
EndGlobal
